
Microsoft Visual Studio Solution File, Format Version 12.00
# Visual Studio Version 16
VisualStudioVersion = 16.0.30204.135
MinimumVisualStudioVersion = 10.0.40219.1
Project("{FAE04EC0-301F-11D3-BF4B-00C04F79EFBC}") = "Anima", "Anima.csproj", "{FF51BFFA-8183-4B36-99B9-26A3CAF4A818}"
EndProject
Global
	GlobalSection(SolutionConfigurationPlatforms) = preSolution
		Debug|Any CPU = Debug|Any CPU
		Release|Any CPU = Release|Any CPU
	EndGlobalSection
	GlobalSection(ProjectConfigurationPlatforms) = postSolution
		{FF51BFFA-8183-4B36-99B9-26A3CAF4A818}.Debug|Any CPU.ActiveCfg = Debug|Any CPU
		{FF51BFFA-8183-4B36-99B9-26A3CAF4A818}.Debug|Any CPU.Build.0 = Debug|Any CPU
		{FF51BFFA-8183-4B36-99B9-26A3CAF4A818}.Release|Any CPU.ActiveCfg = Release|Any CPU
		{FF51BFFA-8183-4B36-99B9-26A3CAF4A818}.Release|Any CPU.Build.0 = Release|Any CPU
	EndGlobalSection
	GlobalSection(SolutionProperties) = preSolution
		HideSolutionNode = FALSE
	EndGlobalSection
	GlobalSection(ExtensibilityGlobals) = postSolution
		SolutionGuid = {4E2EAA55-F792-4820-ACE3-B848172F4190}
	EndGlobalSection
EndGlobal
